// !$*UTF8*$!
{
	archiveVersion = 1;
	classes = {
	};
	objectVersion = 55;
	objects = {

/* Begin PBXBuildFile section */
		029EFDC2299D40A000177892 /* DinesTestApp.swift in Sources */ = {isa = PBXBuildFile; fileRef = 029EFDC1299D40A000177892 /* DinesTestApp.swift */; };
		029EFDC4299D40A000177892 /* ContentView.swift in Sources */ = {isa = PBXBuildFile; fileRef = 029EFDC3299D40A000177892 /* ContentView.swift */; };
		029EFDC6299D40A600177892 /* Assets.xcassets in Resources */ = {isa = PBXBuildFile; fileRef = 029EFDC5299D40A600177892 /* Assets.xcassets */; };
		029EFDC9299D40A600177892 /* Preview Assets.xcassets in Resources */ = {isa = PBXBuildFile; fileRef = 029EFDC8299D40A600177892 /* Preview Assets.xcassets */; };
		029EFDCB299D40A600177892 /* Persistence.swift in Sources */ = {isa = PBXBuildFile; fileRef = 029EFDCA299D40A600177892 /* Persistence.swift */; };
		029EFDCE299D40A600177892 /* DinesTest.xcdatamodeld in Sources */ = {isa = PBXBuildFile; fileRef = 029EFDCC299D40A600177892 /* DinesTest.xcdatamodeld */; };
		029EFDD8299D40A600177892 /* DinesTestTests.swift in Sources */ = {isa = PBXBuildFile; fileRef = 029EFDD7299D40A600177892 /* DinesTestTests.swift */; };
		029EFDE2299D40A700177892 /* DinesTestUITests.swift in Sources */ = {isa = PBXBuildFile; fileRef = 029EFDE1299D40A700177892 /* DinesTestUITests.swift */; };
		029EFDE4299D40A700177892 /* DinesTestUITestsLaunchTests.swift in Sources */ = {isa = PBXBuildFile; fileRef = 029EFDE3299D40A700177892 /* DinesTestUITestsLaunchTests.swift */; };
		029EFDF5299D509D00177892 /* ApiHandler.swift in Sources */ = {isa = PBXBuildFile; fileRef = 029EFDF4299D509D00177892 /* ApiHandler.swift */; };
		029EFDF6299D509D00177892 /* ApiHandler.swift in Sources */ = {isa = PBXBuildFile; fileRef = 029EFDF4299D509D00177892 /* ApiHandler.swift */; };
		029EFDF9299D51DF00177892 /* Constants.swift in Sources */ = {isa = PBXBuildFile; fileRef = 029EFDF8299D51DF00177892 /* Constants.swift */; };
		029EFDFA299D51DF00177892 /* Constants.swift in Sources */ = {isa = PBXBuildFile; fileRef = 029EFDF8299D51DF00177892 /* Constants.swift */; };
		029EFDFD299DA84100177892 /* MenuSelectionEnum.swift in Sources */ = {isa = PBXBuildFile; fileRef = 029EFDFC299DA84100177892 /* MenuSelectionEnum.swift */; };
		029EFDFE299DA84100177892 /* MenuSelectionEnum.swift in Sources */ = {isa = PBXBuildFile; fileRef = 029EFDFC299DA84100177892 /* MenuSelectionEnum.swift */; };
		029EFE01299DC35000177892 /* Localizable.strings in Resources */ = {isa = PBXBuildFile; fileRef = 029EFE00299DC35000177892 /* Localizable.strings */; };
		029EFE02299DC35000177892 /* Localizable.strings in Resources */ = {isa = PBXBuildFile; fileRef = 029EFE00299DC35000177892 /* Localizable.strings */; };
		029EFE04299DC4E900177892 /* MenuObject.swift in Sources */ = {isa = PBXBuildFile; fileRef = 029EFE03299DC4E900177892 /* MenuObject.swift */; };
		029EFE05299DC4E900177892 /* MenuObject.swift in Sources */ = {isa = PBXBuildFile; fileRef = 029EFE03299DC4E900177892 /* MenuObject.swift */; };
		029EFE07299DD56F00177892 /* MenuRootView.swift in Sources */ = {isa = PBXBuildFile; fileRef = 029EFE06299DD56F00177892 /* MenuRootView.swift */; };
		029EFE08299DD56F00177892 /* MenuRootView.swift in Sources */ = {isa = PBXBuildFile; fileRef = 029EFE06299DD56F00177892 /* MenuRootView.swift */; };
		029EFE0D299DD5B500177892 /* BasketView.swift in Sources */ = {isa = PBXBuildFile; fileRef = 029EFE0C299DD5B500177892 /* BasketView.swift */; };
		029EFE0E299DD5B500177892 /* BasketView.swift in Sources */ = {isa = PBXBuildFile; fileRef = 029EFE0C299DD5B500177892 /* BasketView.swift */; };
		029EFE10299DD5C400177892 /* OrderHistoryView.swift in Sources */ = {isa = PBXBuildFile; fileRef = 029EFE0F299DD5C400177892 /* OrderHistoryView.swift */; };
		029EFE11299DD5C400177892 /* OrderHistoryView.swift in Sources */ = {isa = PBXBuildFile; fileRef = 029EFE0F299DD5C400177892 /* OrderHistoryView.swift */; };
		029EFE13299DD69B00177892 /* MenuVM.swift in Sources */ = {isa = PBXBuildFile; fileRef = 029EFE12299DD69B00177892 /* MenuVM.swift */; };
		029EFE14299DD69B00177892 /* MenuVM.swift in Sources */ = {isa = PBXBuildFile; fileRef = 029EFE12299DD69B00177892 /* MenuVM.swift */; };
		029EFE16299E374E00177892 /* MenuListView.swift in Sources */ = {isa = PBXBuildFile; fileRef = 029EFE15299E374E00177892 /* MenuListView.swift */; };
		029EFE17299E374F00177892 /* MenuListView.swift in Sources */ = {isa = PBXBuildFile; fileRef = 029EFE15299E374E00177892 /* MenuListView.swift */; };
		029EFE19299E38CE00177892 /* MenuRootButtonView.swift in Sources */ = {isa = PBXBuildFile; fileRef = 029EFE18299E38CE00177892 /* MenuRootButtonView.swift */; };
		029EFE1A299E38CE00177892 /* MenuRootButtonView.swift in Sources */ = {isa = PBXBuildFile; fileRef = 029EFE18299E38CE00177892 /* MenuRootButtonView.swift */; };
		029EFE1C299E3A0400177892 /* MenuController.swift in Sources */ = {isa = PBXBuildFile; fileRef = 029EFE1B299E3A0400177892 /* MenuController.swift */; };
		029EFE1D299E3A0400177892 /* MenuController.swift in Sources */ = {isa = PBXBuildFile; fileRef = 029EFE1B299E3A0400177892 /* MenuController.swift */; };
		029EFE1F299E3AA200177892 /* MenuOptionDetailsObject.swift in Sources */ = {isa = PBXBuildFile; fileRef = 029EFE1E299E3AA200177892 /* MenuOptionDetailsObject.swift */; };
		029EFE20299E3AA200177892 /* MenuOptionDetailsObject.swift in Sources */ = {isa = PBXBuildFile; fileRef = 029EFE1E299E3AA200177892 /* MenuOptionDetailsObject.swift */; };
		029EFE22299E49FC00177892 /* MenuListItemView.swift in Sources */ = {isa = PBXBuildFile; fileRef = 029EFE21299E49FC00177892 /* MenuListItemView.swift */; };
		029EFE23299E49FC00177892 /* MenuListItemView.swift in Sources */ = {isa = PBXBuildFile; fileRef = 029EFE21299E49FC00177892 /* MenuListItemView.swift */; };
		029EFE28299E4F9D00177892 /* ImageLoader.swift in Sources */ = {isa = PBXBuildFile; fileRef = 029EFE27299E4F9C00177892 /* ImageLoader.swift */; };
		029EFE29299E4F9D00177892 /* ImageLoader.swift in Sources */ = {isa = PBXBuildFile; fileRef = 029EFE27299E4F9C00177892 /* ImageLoader.swift */; };
		029EFE2C299E505000177892 /* ItemImageView.swift in Sources */ = {isa = PBXBuildFile; fileRef = 029EFE2B299E505000177892 /* ItemImageView.swift */; };
		029EFE2D299E505000177892 /* ItemImageView.swift in Sources */ = {isa = PBXBuildFile; fileRef = 029EFE2B299E505000177892 /* ItemImageView.swift */; };
		029EFE2F299E6CFC00177892 /* MenuDetailView.swift in Sources */ = {isa = PBXBuildFile; fileRef = 029EFE2E299E6CFC00177892 /* MenuDetailView.swift */; };
		029EFE30299E6CFD00177892 /* MenuDetailView.swift in Sources */ = {isa = PBXBuildFile; fileRef = 029EFE2E299E6CFC00177892 /* MenuDetailView.swift */; };
		029EFE32299E842700177892 /* DetailImageView.swift in Sources */ = {isa = PBXBuildFile; fileRef = 029EFE31299E842200177892 /* DetailImageView.swift */; };
		029EFE33299E842800177892 /* DetailImageView.swift in Sources */ = {isa = PBXBuildFile; fileRef = 029EFE31299E842200177892 /* DetailImageView.swift */; };
		029EFE35299E98C800177892 /* LocalDataHandler.swift in Sources */ = {isa = PBXBuildFile; fileRef = 029EFE34299E98C700177892 /* LocalDataHandler.swift */; };
		029EFE36299E98C900177892 /* LocalDataHandler.swift in Sources */ = {isa = PBXBuildFile; fileRef = 029EFE34299E98C700177892 /* LocalDataHandler.swift */; };
		029EFE3B299E9BA200177892 /* MathsHelper.swift in Sources */ = {isa = PBXBuildFile; fileRef = 029EFE3A299E9BA200177892 /* MathsHelper.swift */; };
		029EFE3C299E9BA200177892 /* MathsHelper.swift in Sources */ = {isa = PBXBuildFile; fileRef = 029EFE3A299E9BA200177892 /* MathsHelper.swift */; };
		029EFE3E299E9F5900177892 /* BasketController.swift in Sources */ = {isa = PBXBuildFile; fileRef = 029EFE3D299E9F5900177892 /* BasketController.swift */; };
		029EFE3F299E9F5900177892 /* BasketController.swift in Sources */ = {isa = PBXBuildFile; fileRef = 029EFE3D299E9F5900177892 /* BasketController.swift */; };
		029EFE41299EA13B00177892 /* BasketRowView.swift in Sources */ = {isa = PBXBuildFile; fileRef = 029EFE40299EA13B00177892 /* BasketRowView.swift */; };
		029EFE42299EA13B00177892 /* BasketRowView.swift in Sources */ = {isa = PBXBuildFile; fileRef = 029EFE40299EA13B00177892 /* BasketRowView.swift */; };
		029EFE44299EC24A00177892 /* DateFormatHelper.swift in Sources */ = {isa = PBXBuildFile; fileRef = 029EFE43299EC24900177892 /* DateFormatHelper.swift */; };
		029EFE45299EC24A00177892 /* DateFormatHelper.swift in Sources */ = {isa = PBXBuildFile; fileRef = 029EFE43299EC24900177892 /* DateFormatHelper.swift */; };
/* End PBXBuildFile section */

/* Begin PBXContainerItemProxy section */
		029EFDD4299D40A600177892 /* PBXContainerItemProxy */ = {
			isa = PBXContainerItemProxy;
			containerPortal = 029EFDB6299D409F00177892 /* Project object */;
			proxyType = 1;
			remoteGlobalIDString = 029EFDBD299D40A000177892;
			remoteInfo = DinesTest;
		};
		029EFDDE299D40A700177892 /* PBXContainerItemProxy */ = {
			isa = PBXContainerItemProxy;
			containerPortal = 029EFDB6299D409F00177892 /* Project object */;
			proxyType = 1;
			remoteGlobalIDString = 029EFDBD299D40A000177892;
			remoteInfo = DinesTest;
		};
/* End PBXContainerItemProxy section */

/* Begin PBXFileReference section */
		029EFDBE299D40A000177892 /* DinesTest.app */ = {isa = PBXFileReference; explicitFileType = wrapper.application; includeInIndex = 0; path = DinesTest.app; sourceTree = BUILT_PRODUCTS_DIR; };
		029EFDC1299D40A000177892 /* DinesTestApp.swift */ = {isa = PBXFileReference; lastKnownFileType = sourcecode.swift; path = DinesTestApp.swift; sourceTree = "<group>"; };
		029EFDC3299D40A000177892 /* ContentView.swift */ = {isa = PBXFileReference; lastKnownFileType = sourcecode.swift; path = ContentView.swift; sourceTree = "<group>"; };
		029EFDC5299D40A600177892 /* Assets.xcassets */ = {isa = PBXFileReference; lastKnownFileType = folder.assetcatalog; path = Assets.xcassets; sourceTree = "<group>"; };
		029EFDC8299D40A600177892 /* Preview Assets.xcassets */ = {isa = PBXFileReference; lastKnownFileType = folder.assetcatalog; path = "Preview Assets.xcassets"; sourceTree = "<group>"; };
		029EFDCA299D40A600177892 /* Persistence.swift */ = {isa = PBXFileReference; lastKnownFileType = sourcecode.swift; path = Persistence.swift; sourceTree = "<group>"; };
		029EFDCD299D40A600177892 /* DinesTest.xcdatamodel */ = {isa = PBXFileReference; lastKnownFileType = wrapper.xcdatamodel; path = DinesTest.xcdatamodel; sourceTree = "<group>"; };
		029EFDD3299D40A600177892 /* DinesTestTests.xctest */ = {isa = PBXFileReference; explicitFileType = wrapper.cfbundle; includeInIndex = 0; path = DinesTestTests.xctest; sourceTree = BUILT_PRODUCTS_DIR; };
		029EFDD7299D40A600177892 /* DinesTestTests.swift */ = {isa = PBXFileReference; lastKnownFileType = sourcecode.swift; path = DinesTestTests.swift; sourceTree = "<group>"; };
		029EFDDD299D40A700177892 /* DinesTestUITests.xctest */ = {isa = PBXFileReference; explicitFileType = wrapper.cfbundle; includeInIndex = 0; path = DinesTestUITests.xctest; sourceTree = BUILT_PRODUCTS_DIR; };
		029EFDE1299D40A700177892 /* DinesTestUITests.swift */ = {isa = PBXFileReference; lastKnownFileType = sourcecode.swift; path = DinesTestUITests.swift; sourceTree = "<group>"; };
		029EFDE3299D40A700177892 /* DinesTestUITestsLaunchTests.swift */ = {isa = PBXFileReference; lastKnownFileType = sourcecode.swift; path = DinesTestUITestsLaunchTests.swift; sourceTree = "<group>"; };
		029EFDF4299D509D00177892 /* ApiHandler.swift */ = {isa = PBXFileReference; lastKnownFileType = sourcecode.swift; path = ApiHandler.swift; sourceTree = "<group>"; };
		029EFDF8299D51DF00177892 /* Constants.swift */ = {isa = PBXFileReference; lastKnownFileType = sourcecode.swift; path = Constants.swift; sourceTree = "<group>"; };
		029EFDFC299DA84100177892 /* MenuSelectionEnum.swift */ = {isa = PBXFileReference; lastKnownFileType = sourcecode.swift; path = MenuSelectionEnum.swift; sourceTree = "<group>"; };
		029EFE00299DC35000177892 /* Localizable.strings */ = {isa = PBXFileReference; lastKnownFileType = text.plist.strings; path = Localizable.strings; sourceTree = "<group>"; };
		029EFE03299DC4E900177892 /* MenuObject.swift */ = {isa = PBXFileReference; lastKnownFileType = sourcecode.swift; path = MenuObject.swift; sourceTree = "<group>"; };
		029EFE06299DD56F00177892 /* MenuRootView.swift */ = {isa = PBXFileReference; lastKnownFileType = sourcecode.swift; path = MenuRootView.swift; sourceTree = "<group>"; };
		029EFE0C299DD5B500177892 /* BasketView.swift */ = {isa = PBXFileReference; lastKnownFileType = sourcecode.swift; path = BasketView.swift; sourceTree = "<group>"; };
		029EFE0F299DD5C400177892 /* OrderHistoryView.swift */ = {isa = PBXFileReference; lastKnownFileType = sourcecode.swift; name = OrderHistoryView.swift; path = DinesTest/UI/Basket/OrderHistoryView.swift; sourceTree = SOURCE_ROOT; };
		029EFE12299DD69B00177892 /* MenuVM.swift */ = {isa = PBXFileReference; lastKnownFileType = sourcecode.swift; path = MenuVM.swift; sourceTree = "<group>"; };
		029EFE15299E374E00177892 /* MenuListView.swift */ = {isa = PBXFileReference; lastKnownFileType = sourcecode.swift; path = MenuListView.swift; sourceTree = "<group>"; };
		029EFE18299E38CE00177892 /* MenuRootButtonView.swift */ = {isa = PBXFileReference; lastKnownFileType = sourcecode.swift; path = MenuRootButtonView.swift; sourceTree = "<group>"; };
		029EFE1B299E3A0400177892 /* MenuController.swift */ = {isa = PBXFileReference; lastKnownFileType = sourcecode.swift; path = MenuController.swift; sourceTree = "<group>"; };
		029EFE1E299E3AA200177892 /* MenuOptionDetailsObject.swift */ = {isa = PBXFileReference; lastKnownFileType = sourcecode.swift; path = MenuOptionDetailsObject.swift; sourceTree = "<group>"; };
		029EFE21299E49FC00177892 /* MenuListItemView.swift */ = {isa = PBXFileReference; lastKnownFileType = sourcecode.swift; path = MenuListItemView.swift; sourceTree = "<group>"; };
		029EFE27299E4F9C00177892 /* ImageLoader.swift */ = {isa = PBXFileReference; lastKnownFileType = sourcecode.swift; path = ImageLoader.swift; sourceTree = "<group>"; };
		029EFE2B299E505000177892 /* ItemImageView.swift */ = {isa = PBXFileReference; lastKnownFileType = sourcecode.swift; path = ItemImageView.swift; sourceTree = "<group>"; };
		029EFE2E299E6CFC00177892 /* MenuDetailView.swift */ = {isa = PBXFileReference; lastKnownFileType = sourcecode.swift; path = MenuDetailView.swift; sourceTree = "<group>"; };
		029EFE31299E842200177892 /* DetailImageView.swift */ = {isa = PBXFileReference; lastKnownFileType = sourcecode.swift; path = DetailImageView.swift; sourceTree = "<group>"; };
		029EFE34299E98C700177892 /* LocalDataHandler.swift */ = {isa = PBXFileReference; lastKnownFileType = sourcecode.swift; path = LocalDataHandler.swift; sourceTree = "<group>"; };
		029EFE3A299E9BA200177892 /* MathsHelper.swift */ = {isa = PBXFileReference; lastKnownFileType = sourcecode.swift; path = MathsHelper.swift; sourceTree = "<group>"; };
		029EFE3D299E9F5900177892 /* BasketController.swift */ = {isa = PBXFileReference; lastKnownFileType = sourcecode.swift; path = BasketController.swift; sourceTree = "<group>"; };
		029EFE40299EA13B00177892 /* BasketRowView.swift */ = {isa = PBXFileReference; lastKnownFileType = sourcecode.swift; path = BasketRowView.swift; sourceTree = "<group>"; };
		029EFE43299EC24900177892 /* DateFormatHelper.swift */ = {isa = PBXFileReference; lastKnownFileType = sourcecode.swift; path = DateFormatHelper.swift; sourceTree = "<group>"; };
/* End PBXFileReference section */

/* Begin PBXFrameworksBuildPhase section */
		029EFDBB299D40A000177892 /* Frameworks */ = {
			isa = PBXFrameworksBuildPhase;
			buildActionMask = 2147483647;
			files = (
			);
			runOnlyForDeploymentPostprocessing = 0;
		};
		029EFDD0299D40A600177892 /* Frameworks */ = {
			isa = PBXFrameworksBuildPhase;
			buildActionMask = 2147483647;
			files = (
			);
			runOnlyForDeploymentPostprocessing = 0;
		};
		029EFDDA299D40A700177892 /* Frameworks */ = {
			isa = PBXFrameworksBuildPhase;
			buildActionMask = 2147483647;
			files = (
			);
			runOnlyForDeploymentPostprocessing = 0;
		};
/* End PBXFrameworksBuildPhase section */

/* Begin PBXGroup section */
		029EFDB5299D409F00177892 = {
			isa = PBXGroup;
			children = (
				029EFDFF299DC31700177892 /* Assets */,
				029EFDC0299D40A000177892 /* DinesTest */,
				029EFDD6299D40A600177892 /* DinesTestTests */,
				029EFDE0299D40A700177892 /* DinesTestUITests */,
				029EFDBF299D40A000177892 /* Products */,
			);
			sourceTree = "<group>";
		};
		029EFDBF299D40A000177892 /* Products */ = {
			isa = PBXGroup;
			children = (
				029EFDBE299D40A000177892 /* DinesTest.app */,
				029EFDD3299D40A600177892 /* DinesTestTests.xctest */,
				029EFDDD299D40A700177892 /* DinesTestUITests.xctest */,
			);
			name = Products;
			sourceTree = "<group>";
		};
		029EFDC0299D40A000177892 /* DinesTest */ = {
			isa = PBXGroup;
			children = (
				029EFDFB299DA80A00177892 /* Enums */,
				029EFDF7299D518A00177892 /* Constants */,
				029EFDF3299D42C300177892 /* Controllers */,
				029EFDF2299D429300177892 /* Local_Data */,
				029EFDF1299D428300177892 /* Data_Models */,
				029EFDF0299D427B00177892 /* UI */,
				029EFDC1299D40A000177892 /* DinesTestApp.swift */,
				029EFDC7299D40A600177892 /* Preview Content */,
			);
			path = DinesTest;
			sourceTree = "<group>";
		};
		029EFDC7299D40A600177892 /* Preview Content */ = {
			isa = PBXGroup;
			children = (
				029EFDC8299D40A600177892 /* Preview Assets.xcassets */,
			);
			path = "Preview Content";
			sourceTree = "<group>";
		};
		029EFDD6299D40A600177892 /* DinesTestTests */ = {
			isa = PBXGroup;
			children = (
				029EFDD7299D40A600177892 /* DinesTestTests.swift */,
			);
			path = DinesTestTests;
			sourceTree = "<group>";
		};
		029EFDE0299D40A700177892 /* DinesTestUITests */ = {
			isa = PBXGroup;
			children = (
				029EFDE1299D40A700177892 /* DinesTestUITests.swift */,
				029EFDE3299D40A700177892 /* DinesTestUITestsLaunchTests.swift */,
			);
			path = DinesTestUITests;
			sourceTree = "<group>";
		};
		029EFDF0299D427B00177892 /* UI */ = {
			isa = PBXGroup;
			children = (
				029EFE2A299E503800177892 /* ImageViews */,
				029EFE0B299DD58D00177892 /* Order_History */,
				029EFE0A299DD58400177892 /* Basket */,
				029EFE09299DD57800177892 /* Menu */,
				029EFDC3299D40A000177892 /* ContentView.swift */,
			);
			path = UI;
			sourceTree = "<group>";
		};
		029EFDF1299D428300177892 /* Data_Models */ = {
			isa = PBXGroup;
			children = (
				029EFE03299DC4E900177892 /* MenuObject.swift */,
				029EFE1E299E3AA200177892 /* MenuOptionDetailsObject.swift */,
			);
			path = Data_Models;
			sourceTree = "<group>";
		};
		029EFDF2299D429300177892 /* Local_Data */ = {
			isa = PBXGroup;
			children = (
				029EFDCA299D40A600177892 /* Persistence.swift */,
				029EFDCC299D40A600177892 /* DinesTest.xcdatamodeld */,
			);
			path = Local_Data;
			sourceTree = "<group>";
		};
		029EFDF3299D42C300177892 /* Controllers */ = {
			isa = PBXGroup;
			children = (
				029EFDF4299D509D00177892 /* ApiHandler.swift */,
				029EFE12299DD69B00177892 /* MenuVM.swift */,
				029EFE1B299E3A0400177892 /* MenuController.swift */,
				029EFE27299E4F9C00177892 /* ImageLoader.swift */,
				029EFE34299E98C700177892 /* LocalDataHandler.swift */,
				029EFE3A299E9BA200177892 /* MathsHelper.swift */,
				029EFE3D299E9F5900177892 /* BasketController.swift */,
				029EFE43299EC24900177892 /* DateFormatHelper.swift */,
			);
			path = Controllers;
			sourceTree = "<group>";
		};
		029EFDF7299D518A00177892 /* Constants */ = {
			isa = PBXGroup;
			children = (
				029EFDF8299D51DF00177892 /* Constants.swift */,
			);
			path = Constants;
			sourceTree = "<group>";
		};
		029EFDFB299DA80A00177892 /* Enums */ = {
			isa = PBXGroup;
			children = (
				029EFDFC299DA84100177892 /* MenuSelectionEnum.swift */,
			);
			path = Enums;
			sourceTree = "<group>";
		};
		029EFDFF299DC31700177892 /* Assets */ = {
			isa = PBXGroup;
			children = (
				029EFDC5299D40A600177892 /* Assets.xcassets */,
				029EFE00299DC35000177892 /* Localizable.strings */,
			);
			path = Assets;
			sourceTree = "<group>";
		};
		029EFE09299DD57800177892 /* Menu */ = {
			isa = PBXGroup;
			children = (
				029EFE06299DD56F00177892 /* MenuRootView.swift */,
				029EFE15299E374E00177892 /* MenuListView.swift */,
				029EFE18299E38CE00177892 /* MenuRootButtonView.swift */,
				029EFE21299E49FC00177892 /* MenuListItemView.swift */,
				029EFE2E299E6CFC00177892 /* MenuDetailView.swift */,
			);
			path = Menu;
			sourceTree = "<group>";
		};
		029EFE0A299DD58400177892 /* Basket */ = {
			isa = PBXGroup;
			children = (
				029EFE0C299DD5B500177892 /* BasketView.swift */,
				029EFE40299EA13B00177892 /* BasketRowView.swift */,
			);
			path = Basket;
			sourceTree = "<group>";
		};
		029EFE0B299DD58D00177892 /* Order_History */ = {
			isa = PBXGroup;
			children = (
				029EFE0F299DD5C400177892 /* OrderHistoryView.swift */,
			);
			path = Order_History;
			sourceTree = "<group>";
		};
		029EFE2A299E503800177892 /* ImageViews */ = {
			isa = PBXGroup;
			children = (
				029EFE2B299E505000177892 /* ItemImageView.swift */,
				029EFE31299E842200177892 /* DetailImageView.swift */,
			);
			path = ImageViews;
			sourceTree = "<group>";
		};
/* End PBXGroup section */

/* Begin PBXNativeTarget section */
		029EFDBD299D40A000177892 /* DinesTest */ = {
			isa = PBXNativeTarget;
			buildConfigurationList = 029EFDE7299D40A700177892 /* Build configuration list for PBXNativeTarget "DinesTest" */;
			buildPhases = (
				029EFDBA299D40A000177892 /* Sources */,
				029EFDBB299D40A000177892 /* Frameworks */,
				029EFDBC299D40A000177892 /* Resources */,
			);
			buildRules = (
			);
			dependencies = (
			);
			name = DinesTest;
			productName = DinesTest;
			productReference = 029EFDBE299D40A000177892 /* DinesTest.app */;
			productType = "com.apple.product-type.application";
		};
		029EFDD2299D40A600177892 /* DinesTestTests */ = {
			isa = PBXNativeTarget;
			buildConfigurationList = 029EFDEA299D40A700177892 /* Build configuration list for PBXNativeTarget "DinesTestTests" */;
			buildPhases = (
				029EFDCF299D40A600177892 /* Sources */,
				029EFDD0299D40A600177892 /* Frameworks */,
				029EFDD1299D40A600177892 /* Resources */,
			);
			buildRules = (
			);
			dependencies = (
				029EFDD5299D40A600177892 /* PBXTargetDependency */,
			);
			name = DinesTestTests;
			productName = DinesTestTests;
			productReference = 029EFDD3299D40A600177892 /* DinesTestTests.xctest */;
			productType = "com.apple.product-type.bundle.unit-test";
		};
		029EFDDC299D40A700177892 /* DinesTestUITests */ = {
			isa = PBXNativeTarget;
			buildConfigurationList = 029EFDED299D40A700177892 /* Build configuration list for PBXNativeTarget "DinesTestUITests" */;
			buildPhases = (
				029EFDD9299D40A700177892 /* Sources */,
				029EFDDA299D40A700177892 /* Frameworks */,
				029EFDDB299D40A700177892 /* Resources */,
			);
			buildRules = (
			);
			dependencies = (
				029EFDDF299D40A700177892 /* PBXTargetDependency */,
			);
			name = DinesTestUITests;
			productName = DinesTestUITests;
			productReference = 029EFDDD299D40A700177892 /* DinesTestUITests.xctest */;
			productType = "com.apple.product-type.bundle.ui-testing";
		};
/* End PBXNativeTarget section */

/* Begin PBXProject section */
		029EFDB6299D409F00177892 /* Project object */ = {
			isa = PBXProject;
			attributes = {
				BuildIndependentTargetsInParallel = 1;
				LastSwiftUpdateCheck = 1320;
				LastUpgradeCheck = 1320;
				TargetAttributes = {
					029EFDBD299D40A000177892 = {
						CreatedOnToolsVersion = 13.2.1;
					};
					029EFDD2299D40A600177892 = {
						CreatedOnToolsVersion = 13.2.1;
						TestTargetID = 029EFDBD299D40A000177892;
					};
					029EFDDC299D40A700177892 = {
						CreatedOnToolsVersion = 13.2.1;
						TestTargetID = 029EFDBD299D40A000177892;
					};
				};
			};
			buildConfigurationList = 029EFDB9299D409F00177892 /* Build configuration list for PBXProject "DinesTest" */;
			compatibilityVersion = "Xcode 13.0";
			developmentRegion = en;
			hasScannedForEncodings = 0;
			knownRegions = (
				en,
				Base,
			);
			mainGroup = 029EFDB5299D409F00177892;
			productRefGroup = 029EFDBF299D40A000177892 /* Products */;
			projectDirPath = "";
			projectRoot = "";
			targets = (
				029EFDBD299D40A000177892 /* DinesTest */,
				029EFDD2299D40A600177892 /* DinesTestTests */,
				029EFDDC299D40A700177892 /* DinesTestUITests */,
			);
		};
/* End PBXProject section */

/* Begin PBXResourcesBuildPhase section */
		029EFDBC299D40A000177892 /* Resources */ = {
			isa = PBXResourcesBuildPhase;
			buildActionMask = 2147483647;
			files = (
				029EFDC9299D40A600177892 /* Preview Assets.xcassets in Resources */,
				029EFE01299DC35000177892 /* Localizable.strings in Resources */,
				029EFDC6299D40A600177892 /* Assets.xcassets in Resources */,
			);
			runOnlyForDeploymentPostprocessing = 0;
		};
		029EFDD1299D40A600177892 /* Resources */ = {
			isa = PBXResourcesBuildPhase;
			buildActionMask = 2147483647;
			files = (
				029EFE02299DC35000177892 /* Localizable.strings in Resources */,
			);
			runOnlyForDeploymentPostprocessing = 0;
		};
		029EFDDB299D40A700177892 /* Resources */ = {
			isa = PBXResourcesBuildPhase;
			buildActionMask = 2147483647;
			files = (
			);
			runOnlyForDeploymentPostprocessing = 0;
		};
/* End PBXResourcesBuildPhase section */

/* Begin PBXSourcesBuildPhase section */
		029EFDBA299D40A000177892 /* Sources */ = {
			isa = PBXSourcesBuildPhase;
			buildActionMask = 2147483647;
			files = (
				029EFE0D299DD5B500177892 /* BasketView.swift in Sources */,
				029EFDCB299D40A600177892 /* Persistence.swift in Sources */,
				029EFE2F299E6CFC00177892 /* MenuDetailView.swift in Sources */,
				029EFE07299DD56F00177892 /* MenuRootView.swift in Sources */,
				029EFE35299E98C800177892 /* LocalDataHandler.swift in Sources */,
				029EFE1F299E3AA200177892 /* MenuOptionDetailsObject.swift in Sources */,
				029EFE10299DD5C400177892 /* OrderHistoryView.swift in Sources */,
				029EFE3B299E9BA200177892 /* MathsHelper.swift in Sources */,
				029EFE13299DD69B00177892 /* MenuVM.swift in Sources */,
				029EFDCE299D40A600177892 /* DinesTest.xcdatamodeld in Sources */,
				029EFE32299E842700177892 /* DetailImageView.swift in Sources */,
				029EFDFD299DA84100177892 /* MenuSelectionEnum.swift in Sources */,
				029EFE22299E49FC00177892 /* MenuListItemView.swift in Sources */,
				029EFE28299E4F9D00177892 /* ImageLoader.swift in Sources */,
				029EFE19299E38CE00177892 /* MenuRootButtonView.swift in Sources */,
				029EFE3E299E9F5900177892 /* BasketController.swift in Sources */,
				029EFDF5299D509D00177892 /* ApiHandler.swift in Sources */,
				029EFDC4299D40A000177892 /* ContentView.swift in Sources */,
				029EFE1C299E3A0400177892 /* MenuController.swift in Sources */,
				029EFE16299E374E00177892 /* MenuListView.swift in Sources */,
				029EFE44299EC24A00177892 /* DateFormatHelper.swift in Sources */,
				029EFE41299EA13B00177892 /* BasketRowView.swift in Sources */,
				029EFDC2299D40A000177892 /* DinesTestApp.swift in Sources */,
				029EFDF9299D51DF00177892 /* Constants.swift in Sources */,
				029EFE04299DC4E900177892 /* MenuObject.swift in Sources */,
				029EFE2C299E505000177892 /* ItemImageView.swift in Sources */,
			);
			runOnlyForDeploymentPostprocessing = 0;
		};
		029EFDCF299D40A600177892 /* Sources */ = {
			isa = PBXSourcesBuildPhase;
			buildActionMask = 2147483647;
			files = (
				029EFE30299E6CFD00177892 /* MenuDetailView.swift in Sources */,
				029EFDD8299D40A600177892 /* DinesTestTests.swift in Sources */,
				029EFE17299E374F00177892 /* MenuListView.swift in Sources */,
				029EFE3F299E9F5900177892 /* BasketController.swift in Sources */,
				029EFE14299DD69B00177892 /* MenuVM.swift in Sources */,
				029EFE08299DD56F00177892 /* MenuRootView.swift in Sources */,
				029EFE1D299E3A0400177892 /* MenuController.swift in Sources */,
				029EFE42299EA13B00177892 /* BasketRowView.swift in Sources */,
				029EFE11299DD5C400177892 /* OrderHistoryView.swift in Sources */,
				029EFE29299E4F9D00177892 /* ImageLoader.swift in Sources */,
				029EFDF6299D509D00177892 /* ApiHandler.swift in Sources */,
				029EFDFE299DA84100177892 /* MenuSelectionEnum.swift in Sources */,
				029EFE23299E49FC00177892 /* MenuListItemView.swift in Sources */,
				029EFE20299E3AA200177892 /* MenuOptionDetailsObject.swift in Sources */,
				029EFE05299DC4E900177892 /* MenuObject.swift in Sources */,
				029EFE3C299E9BA200177892 /* MathsHelper.swift in Sources */,
				029EFE2D299E505000177892 /* ItemImageView.swift in Sources */,
				029EFE1A299E38CE00177892 /* MenuRootButtonView.swift in Sources */,
				029EFE0E299DD5B500177892 /* BasketView.swift in Sources */,
				029EFE45299EC24A00177892 /* DateFormatHelper.swift in Sources */,
				029EFDFA299D51DF00177892 /* Constants.swift in Sources */,
				029EFE33299E842800177892 /* DetailImageView.swift in Sources */,
				029EFE36299E98C900177892 /* LocalDataHandler.swift in Sources */,
			);
			runOnlyForDeploymentPostprocessing = 0;
		};
		029EFDD9299D40A700177892 /* Sources */ = {
			isa = PBXSourcesBuildPhase;
			buildActionMask = 2147483647;
			files = (
				029EFDE4299D40A700177892 /* DinesTestUITestsLaunchTests.swift in Sources */,
				029EFDE2299D40A700177892 /* DinesTestUITests.swift in Sources */,
			);
			runOnlyForDeploymentPostprocessing = 0;
		};
/* End PBXSourcesBuildPhase section */

/* Begin PBXTargetDependency section */
		029EFDD5299D40A600177892 /* PBXTargetDependency */ = {
			isa = PBXTargetDependency;
			target = 029EFDBD299D40A000177892 /* DinesTest */;
			targetProxy = 029EFDD4299D40A600177892 /* PBXContainerItemProxy */;
		};
		029EFDDF299D40A700177892 /* PBXTargetDependency */ = {
			isa = PBXTargetDependency;
			target = 029EFDBD299D40A000177892 /* DinesTest */;
			targetProxy = 029EFDDE299D40A700177892 /* PBXContainerItemProxy */;
		};
/* End PBXTargetDependency section */

/* Begin XCBuildConfiguration section */
		029EFDE5299D40A700177892 /* Debug */ = {
			isa = XCBuildConfiguration;
			buildSettings = {
				ALWAYS_SEARCH_USER_PATHS = NO;
				CLANG_ANALYZER_NONNULL = YES;
				CLANG_ANALYZER_NUMBER_OBJECT_CONVERSION = YES_AGGRESSIVE;
				CLANG_CXX_LANGUAGE_STANDARD = "gnu++17";
				CLANG_CXX_LIBRARY = "libc++";
				CLANG_ENABLE_MODULES = YES;
				CLANG_ENABLE_OBJC_ARC = YES;
				CLANG_ENABLE_OBJC_WEAK = YES;
				CLANG_WARN_BLOCK_CAPTURE_AUTORELEASING = YES;
				CLANG_WARN_BOOL_CONVERSION = YES;
				CLANG_WARN_COMMA = YES;
				CLANG_WARN_CONSTANT_CONVERSION = YES;
				CLANG_WARN_DEPRECATED_OBJC_IMPLEMENTATIONS = YES;
				CLANG_WARN_DIRECT_OBJC_ISA_USAGE = YES_ERROR;
				CLANG_WARN_DOCUMENTATION_COMMENTS = YES;
				CLANG_WARN_EMPTY_BODY = YES;
				CLANG_WARN_ENUM_CONVERSION = YES;
				CLANG_WARN_INFINITE_RECURSION = YES;
				CLANG_WARN_INT_CONVERSION = YES;
				CLANG_WARN_NON_LITERAL_NULL_CONVERSION = YES;
				CLANG_WARN_OBJC_IMPLICIT_RETAIN_SELF = YES;
				CLANG_WARN_OBJC_LITERAL_CONVERSION = YES;
				CLANG_WARN_OBJC_ROOT_CLASS = YES_ERROR;
				CLANG_WARN_QUOTED_INCLUDE_IN_FRAMEWORK_HEADER = YES;
				CLANG_WARN_RANGE_LOOP_ANALYSIS = YES;
				CLANG_WARN_STRICT_PROTOTYPES = YES;
				CLANG_WARN_SUSPICIOUS_MOVE = YES;
				CLANG_WARN_UNGUARDED_AVAILABILITY = YES_AGGRESSIVE;
				CLANG_WARN_UNREACHABLE_CODE = YES;
				CLANG_WARN__DUPLICATE_METHOD_MATCH = YES;
				COPY_PHASE_STRIP = NO;
				DEBUG_INFORMATION_FORMAT = dwarf;
				ENABLE_STRICT_OBJC_MSGSEND = YES;
				ENABLE_TESTABILITY = YES;
				GCC_C_LANGUAGE_STANDARD = gnu11;
				GCC_DYNAMIC_NO_PIC = NO;
				GCC_NO_COMMON_BLOCKS = YES;
				GCC_OPTIMIZATION_LEVEL = 0;
				GCC_PREPROCESSOR_DEFINITIONS = (
					"DEBUG=1",
					"$(inherited)",
				);
				GCC_WARN_64_TO_32_BIT_CONVERSION = YES;
				GCC_WARN_ABOUT_RETURN_TYPE = YES_ERROR;
				GCC_WARN_UNDECLARED_SELECTOR = YES;
				GCC_WARN_UNINITIALIZED_AUTOS = YES_AGGRESSIVE;
				GCC_WARN_UNUSED_FUNCTION = YES;
				GCC_WARN_UNUSED_VARIABLE = YES;
				IPHONEOS_DEPLOYMENT_TARGET = 15.2;
				MTL_ENABLE_DEBUG_INFO = INCLUDE_SOURCE;
				MTL_FAST_MATH = YES;
				ONLY_ACTIVE_ARCH = YES;
				SDKROOT = iphoneos;
				SWIFT_ACTIVE_COMPILATION_CONDITIONS = DEBUG;
				SWIFT_OPTIMIZATION_LEVEL = "-Onone";
			};
			name = Debug;
		};
		029EFDE6299D40A700177892 /* Release */ = {
			isa = XCBuildConfiguration;
			buildSettings = {
				ALWAYS_SEARCH_USER_PATHS = NO;
				CLANG_ANALYZER_NONNULL = YES;
				CLANG_ANALYZER_NUMBER_OBJECT_CONVERSION = YES_AGGRESSIVE;
				CLANG_CXX_LANGUAGE_STANDARD = "gnu++17";
				CLANG_CXX_LIBRARY = "libc++";
				CLANG_ENABLE_MODULES = YES;
				CLANG_ENABLE_OBJC_ARC = YES;
				CLANG_ENABLE_OBJC_WEAK = YES;
				CLANG_WARN_BLOCK_CAPTURE_AUTORELEASING = YES;
				CLANG_WARN_BOOL_CONVERSION = YES;
				CLANG_WARN_COMMA = YES;
				CLANG_WARN_CONSTANT_CONVERSION = YES;
				CLANG_WARN_DEPRECATED_OBJC_IMPLEMENTATIONS = YES;
				CLANG_WARN_DIRECT_OBJC_ISA_USAGE = YES_ERROR;
				CLANG_WARN_DOCUMENTATION_COMMENTS = YES;
				CLANG_WARN_EMPTY_BODY = YES;
				CLANG_WARN_ENUM_CONVERSION = YES;
				CLANG_WARN_INFINITE_RECURSION = YES;
				CLANG_WARN_INT_CONVERSION = YES;
				CLANG_WARN_NON_LITERAL_NULL_CONVERSION = YES;
				CLANG_WARN_OBJC_IMPLICIT_RETAIN_SELF = YES;
				CLANG_WARN_OBJC_LITERAL_CONVERSION = YES;
				CLANG_WARN_OBJC_ROOT_CLASS = YES_ERROR;
				CLANG_WARN_QUOTED_INCLUDE_IN_FRAMEWORK_HEADER = YES;
				CLANG_WARN_RANGE_LOOP_ANALYSIS = YES;
				CLANG_WARN_STRICT_PROTOTYPES = YES;
				CLANG_WARN_SUSPICIOUS_MOVE = YES;
				CLANG_WARN_UNGUARDED_AVAILABILITY = YES_AGGRESSIVE;
				CLANG_WARN_UNREACHABLE_CODE = YES;
				CLANG_WARN__DUPLICATE_METHOD_MATCH = YES;
				COPY_PHASE_STRIP = NO;
				DEBUG_INFORMATION_FORMAT = "dwarf-with-dsym";
				ENABLE_NS_ASSERTIONS = NO;
				ENABLE_STRICT_OBJC_MSGSEND = YES;
				GCC_C_LANGUAGE_STANDARD = gnu11;
				GCC_NO_COMMON_BLOCKS = YES;
				GCC_WARN_64_TO_32_BIT_CONVERSION = YES;
				GCC_WARN_ABOUT_RETURN_TYPE = YES_ERROR;
				GCC_WARN_UNDECLARED_SELECTOR = YES;
				GCC_WARN_UNINITIALIZED_AUTOS = YES_AGGRESSIVE;
				GCC_WARN_UNUSED_FUNCTION = YES;
				GCC_WARN_UNUSED_VARIABLE = YES;
				IPHONEOS_DEPLOYMENT_TARGET = 15.2;
				MTL_ENABLE_DEBUG_INFO = NO;
				MTL_FAST_MATH = YES;
				SDKROOT = iphoneos;
				SWIFT_COMPILATION_MODE = wholemodule;
				SWIFT_OPTIMIZATION_LEVEL = "-O";
				VALIDATE_PRODUCT = YES;
			};
			name = Release;
		};
		029EFDE8299D40A700177892 /* Debug */ = {
			isa = XCBuildConfiguration;
			buildSettings = {
				ASSETCATALOG_COMPILER_APPICON_NAME = AppIcon;
				ASSETCATALOG_COMPILER_GLOBAL_ACCENT_COLOR_NAME = AccentColor;
				CODE_SIGN_STYLE = Automatic;
				CURRENT_PROJECT_VERSION = 1;
				DEVELOPMENT_ASSET_PATHS = "\"DinesTest/Preview Content\"";
				DEVELOPMENT_TEAM = KD29VV8V29;
				ENABLE_PREVIEWS = YES;
				GENERATE_INFOPLIST_FILE = YES;
				INFOPLIST_KEY_UIApplicationSceneManifest_Generation = YES;
				INFOPLIST_KEY_UIApplicationSupportsIndirectInputEvents = YES;
				INFOPLIST_KEY_UILaunchScreen_Generation = YES;
				INFOPLIST_KEY_UISupportedInterfaceOrientations_iPad = "UIInterfaceOrientationPortrait UIInterfaceOrientationPortraitUpsideDown UIInterfaceOrientationLandscapeLeft UIInterfaceOrientationLandscapeRight";
				INFOPLIST_KEY_UISupportedInterfaceOrientations_iPhone = "UIInterfaceOrientationPortrait UIInterfaceOrientationLandscapeLeft UIInterfaceOrientationLandscapeRight";
				IPHONEOS_DEPLOYMENT_TARGET = 14.0;
				LD_RUNPATH_SEARCH_PATHS = (
					"$(inherited)",
					"@executable_path/Frameworks",
				);
				MARKETING_VERSION = 1.0;
				PRODUCT_BUNDLE_IDENTIFIER = co.uk.adamdrichardson.DinesTest;
				PRODUCT_NAME = "$(TARGET_NAME)";
				SWIFT_EMIT_LOC_STRINGS = YES;
				SWIFT_VERSION = 5.0;
				TARGETED_DEVICE_FAMILY = "1,2";
			};
			name = Debug;
		};
		029EFDE9299D40A700177892 /* Release */ = {
			isa = XCBuildConfiguration;
			buildSettings = {
				ASSETCATALOG_COMPILER_APPICON_NAME = AppIcon;
				ASSETCATALOG_COMPILER_GLOBAL_ACCENT_COLOR_NAME = AccentColor;
				CODE_SIGN_STYLE = Automatic;
				CURRENT_PROJECT_VERSION = 1;
				DEVELOPMENT_ASSET_PATHS = "\"DinesTest/Preview Content\"";
				DEVELOPMENT_TEAM = KD29VV8V29;
				ENABLE_PREVIEWS = YES;
				GENERATE_INFOPLIST_FILE = YES;
				INFOPLIST_KEY_UIApplicationSceneManifest_Generation = YES;
				INFOPLIST_KEY_UIApplicationSupportsIndirectInputEvents = YES;
				INFOPLIST_KEY_UILaunchScreen_Generation = YES;
				INFOPLIST_KEY_UISupportedInterfaceOrientations_iPad = "UIInterfaceOrientationPortrait UIInterfaceOrientationPortraitUpsideDown UIInterfaceOrientationLandscapeLeft UIInterfaceOrientationLandscapeRight";
				INFOPLIST_KEY_UISupportedInterfaceOrientations_iPhone = "UIInterfaceOrientationPortrait UIInterfaceOrientationLandscapeLeft UIInterfaceOrientationLandscapeRight";
				IPHONEOS_DEPLOYMENT_TARGET = 14.0;
				LD_RUNPATH_SEARCH_PATHS = (
					"$(inherited)",
					"@executable_path/Frameworks",
				);
				MARKETING_VERSION = 1.0;
				PRODUCT_BUNDLE_IDENTIFIER = co.uk.adamdrichardson.DinesTest;
				PRODUCT_NAME = "$(TARGET_NAME)";
				SWIFT_EMIT_LOC_STRINGS = YES;
				SWIFT_VERSION = 5.0;
				TARGETED_DEVICE_FAMILY = "1,2";
			};
			name = Release;
		};
		029EFDEB299D40A700177892 /* Debug */ = {
			isa = XCBuildConfiguration;
			buildSettings = {
				ALWAYS_EMBED_SWIFT_STANDARD_LIBRARIES = YES;
				BUNDLE_LOADER = "$(TEST_HOST)";
				CODE_SIGN_STYLE = Automatic;
				CURRENT_PROJECT_VERSION = 1;
				DEVELOPMENT_TEAM = KD29VV8V29;
				GENERATE_INFOPLIST_FILE = YES;
				IPHONEOS_DEPLOYMENT_TARGET = 15.2;
				MARKETING_VERSION = 1.0;
				PRODUCT_BUNDLE_IDENTIFIER = co.uk.adamdrichardson.DinesTestTests;
				PRODUCT_NAME = "$(TARGET_NAME)";
				SWIFT_EMIT_LOC_STRINGS = NO;
				SWIFT_VERSION = 5.0;
				TARGETED_DEVICE_FAMILY = "1,2";
				TEST_HOST = "$(BUILT_PRODUCTS_DIR)/DinesTest.app/DinesTest";
			};
			name = Debug;
		};
		029EFDEC299D40A700177892 /* Release */ = {
			isa = XCBuildConfiguration;
			buildSettings = {
				ALWAYS_EMBED_SWIFT_STANDARD_LIBRARIES = YES;
				BUNDLE_LOADER = "$(TEST_HOST)";
				CODE_SIGN_STYLE = Automatic;
				CURRENT_PROJECT_VERSION = 1;
				DEVELOPMENT_TEAM = KD29VV8V29;
				GENERATE_INFOPLIST_FILE = YES;
				IPHONEOS_DEPLOYMENT_TARGET = 15.2;
				MARKETING_VERSION = 1.0;
				PRODUCT_BUNDLE_IDENTIFIER = co.uk.adamdrichardson.DinesTestTests;
				PRODUCT_NAME = "$(TARGET_NAME)";
				SWIFT_EMIT_LOC_STRINGS = NO;
				SWIFT_VERSION = 5.0;
				TARGETED_DEVICE_FAMILY = "1,2";
				TEST_HOST = "$(BUILT_PRODUCTS_DIR)/DinesTest.app/DinesTest";
			};
			name = Release;
		};
		029EFDEE299D40A700177892 /* Debug */ = {
			isa = XCBuildConfiguration;
			buildSettings = {
				ALWAYS_EMBED_SWIFT_STANDARD_LIBRARIES = YES;
				CODE_SIGN_STYLE = Automatic;
				CURRENT_PROJECT_VERSION = 1;
				DEVELOPMENT_TEAM = KD29VV8V29;
				GENERATE_INFOPLIST_FILE = YES;
				MARKETING_VERSION = 1.0;
				PRODUCT_BUNDLE_IDENTIFIER = co.uk.adamdrichardson.DinesTestUITests;
				PRODUCT_NAME = "$(TARGET_NAME)";
				SWIFT_EMIT_LOC_STRINGS = NO;
				SWIFT_VERSION = 5.0;
				TARGETED_DEVICE_FAMILY = "1,2";
				TEST_TARGET_NAME = DinesTest;
			};
			name = Debug;
		};
		029EFDEF299D40A700177892 /* Release */ = {
			isa = XCBuildConfiguration;
			buildSettings = {
				ALWAYS_EMBED_SWIFT_STANDARD_LIBRARIES = YES;
				CODE_SIGN_STYLE = Automatic;
				CURRENT_PROJECT_VERSION = 1;
				DEVELOPMENT_TEAM = KD29VV8V29;
				GENERATE_INFOPLIST_FILE = YES;
				MARKETING_VERSION = 1.0;
				PRODUCT_BUNDLE_IDENTIFIER = co.uk.adamdrichardson.DinesTestUITests;
				PRODUCT_NAME = "$(TARGET_NAME)";
				SWIFT_EMIT_LOC_STRINGS = NO;
				SWIFT_VERSION = 5.0;
				TARGETED_DEVICE_FAMILY = "1,2";
				TEST_TARGET_NAME = DinesTest;
			};
			name = Release;
		};
/* End XCBuildConfiguration section */

/* Begin XCConfigurationList section */
		029EFDB9299D409F00177892 /* Build configuration list for PBXProject "DinesTest" */ = {
			isa = XCConfigurationList;
			buildConfigurations = (
				029EFDE5299D40A700177892 /* Debug */,
				029EFDE6299D40A700177892 /* Release */,
			);
			defaultConfigurationIsVisible = 0;
			defaultConfigurationName = Release;
		};
		029EFDE7299D40A700177892 /* Build configuration list for PBXNativeTarget "DinesTest" */ = {
			isa = XCConfigurationList;
			buildConfigurations = (
				029EFDE8299D40A700177892 /* Debug */,
				029EFDE9299D40A700177892 /* Release */,
			);
			defaultConfigurationIsVisible = 0;
			defaultConfigurationName = Release;
		};
		029EFDEA299D40A700177892 /* Build configuration list for PBXNativeTarget "DinesTestTests" */ = {
			isa = XCConfigurationList;
			buildConfigurations = (
				029EFDEB299D40A700177892 /* Debug */,
				029EFDEC299D40A700177892 /* Release */,
			);
			defaultConfigurationIsVisible = 0;
			defaultConfigurationName = Release;
		};
		029EFDED299D40A700177892 /* Build configuration list for PBXNativeTarget "DinesTestUITests" */ = {
			isa = XCConfigurationList;
			buildConfigurations = (
				029EFDEE299D40A700177892 /* Debug */,
				029EFDEF299D40A700177892 /* Release */,
			);
			defaultConfigurationIsVisible = 0;
			defaultConfigurationName = Release;
		};
/* End XCConfigurationList section */

/* Begin XCVersionGroup section */
		029EFDCC299D40A600177892 /* DinesTest.xcdatamodeld */ = {
			isa = XCVersionGroup;
			children = (
				029EFDCD299D40A600177892 /* DinesTest.xcdatamodel */,
			);
			currentVersion = 029EFDCD299D40A600177892 /* DinesTest.xcdatamodel */;
			path = DinesTest.xcdatamodeld;
			sourceTree = "<group>";
			versionGroupType = wrapper.xcdatamodel;
		};
/* End XCVersionGroup section */
	};
	rootObject = 029EFDB6299D409F00177892 /* Project object */;
}
